PODS:
  - Flutter (1.0.0)
  - tealium (3.0.0):
    - Flutter
    - tealium-swift/Collect (~> 2.18)
    - tealium-swift/Core (~> 2.18)
    - tealium-swift/Lifecycle (~> 2.18)
    - tealium-swift/RemoteCommands (~> 2.18)
    - tealium-swift/TagManagement (~> 2.18)
    - tealium-swift/VisitorService (~> 2.18)
  - tealium-swift/Collect (2.18.2):
    - tealium-swift/Core
  - tealium-swift/Core (2.18.2)
  - tealium-swift/Lifecycle (2.18.2):
    - tealium-swift/Core
  - tealium-swift/RemoteCommands (2.18.2):
    - tealium-swift/Core
  - tealium-swift/TagManagement (2.18.2):
    - tealium-swift/Core
  - tealium-swift/VisitorService (2.18.2):
    - tealium-swift/Core
  - tealium_adobevisitor (1.1.0):
    - Flutter
    - tealium (~> 3.0)
    - tealium-swift/Core (~> 2.12)
    - TealiumAdobeVisitorAPI (~> 1.2)
  - TealiumAdobeVisitorAPI (1.2.0):
    - tealium-swift/Core (~> 2.12)

DEPENDENCIES:
  - Flutter (from `Flutter`)
  - tealium (from `.symlinks/plugins/tealium/ios`)
  - tealium_adobevisitor (from `.symlinks/plugins/tealium_adobevisitor/ios`)

SPEC REPOS:
  trunk:
    - tealium-swift
    - TealiumAdobeVisitorAPI

EXTERNAL SOURCES:
  Flutter:
    :path: Flutter
  tealium:
    :path: ".symlinks/plugins/tealium/ios"
  tealium_adobevisitor:
    :path: ".symlinks/plugins/tealium_adobevisitor/ios"

SPEC CHECKSUMS:
  Flutter: cabc95a1d2626b1b06e7179b784ebcf0c0cde467
  tealium: 9032e4ba8cdb3407c93860ecde341b172f4b55e7
  tealium-swift: 9c38e6687b24c9eed0f3bc221ea5d7717274af16
  tealium_adobevisitor: abebf7abf24ee9e63edf90601473acbfd08870d0
  TealiumAdobeVisitorAPI: dd487f3e130829a15b9cdc7de7b2841a200214e2

PODFILE CHECKSUM: cc1f88378b4bfcf93a6ce00d2c587857c6008d3b

COCOAPODS: 1.16.2
