PODS:
  - Flutter (1.0.0)
  - tealium (2.4.0):
    - Flutter
    - tealium-swift/Collect (~> 2.8)
    - tealium-swift/Core (~> 2.8)
    - tealium-swift/Lifecycle (~> 2.8)
    - tealium-swift/RemoteCommands (~> 2.8)
    - tealium-swift/TagManagement (~> 2.8)
    - tealium-swift/VisitorService (~> 2.8)
  - tealium-swift/Collect (2.8.2):
    - tealium-swift/Core
  - tealium-swift/Core (2.8.2)
  - tealium-swift/Lifecycle (2.8.2):
    - tealium-swift/Core
  - tealium-swift/RemoteCommands (2.8.2):
    - tealium-swift/Core
  - tealium-swift/TagManagement (2.8.2):
    - tealium-swift/Core
  - tealium-swift/VisitorService (2.8.2):
    - tealium-swift/Core
  - tealium_adobevisitor (1.0.1):
    - Flutter
    - tealium (~> 2.3)
    - tealium-swift/Core (~> 2.8)
    - TealiumAdobeVisitorAPI (~> 1.1)
  - TealiumAdobeVisitorAPI (1.1.1):
    - tealium-swift/Core (~> 2.8)

DEPENDENCIES:
  - Flutter (from `Flutter`)
  - tealium (from `.symlinks/plugins/tealium/ios`)
  - tealium_adobevisitor (from `.symlinks/plugins/tealium_adobevisitor/ios`)

SPEC REPOS:
  trunk:
    - tealium-swift
    - TealiumAdobeVisitorAPI

EXTERNAL SOURCES:
  Flutter:
    :path: Flutter
  tealium:
    :path: ".symlinks/plugins/tealium/ios"
  tealium_adobevisitor:
    :path: ".symlinks/plugins/tealium_adobevisitor/ios"

SPEC CHECKSUMS:
  Flutter: f04841e97a9d0b0a8025694d0796dd46242b2854
  tealium: 4f5b515b2c5087f59708106040692a90918afcc5
  tealium-swift: aa249f29ee10924c1cb373c5313e91a99276bfe6
  tealium_adobevisitor: b1bbcdacb56727bbbaea3c818400686bb6aa10a0
  TealiumAdobeVisitorAPI: dbcc822fad80ade2edcb731f732f0cb43048c604

PODFILE CHECKSUM: ef19549a9bc3046e7bb7d2fab4d021637c0c58a3

COCOAPODS: 1.12.1
