PODS:
  - Flutter (1.0.0)
  - tealium (0.0.2):
    - Flutter
    - TealiumIOS (<= 5.6.6)
    - TealiumIOSLifecycle (<= 5.6.6)
  - TealiumIOS (5.6.6)
  - TealiumIOSLifecycle (5.6.6)

DEPENDENCIES:
  - Flutter (from `.symlinks/flutter/ios`)
  - tealium (from `.symlinks/plugins/tealium/ios`)
  - TealiumIOS

SPEC REPOS:
  trunk:
    - TealiumIOS
    - TealiumIOSLifecycle

EXTERNAL SOURCES:
  Flutter:
    :path: ".symlinks/flutter/ios"
  tealium:
    :path: ".symlinks/plugins/tealium/ios"

SPEC CHECKSUMS:
  Flutter: 0e3d915762c693b495b44d77113d4970485de6ec
  tealium: 8d11e899407bb86cc0f880dc35be9149a3cee31b
  TealiumIOS: 6fa0157ef4ea13ff56b576e17d90085dc2fe9c4d
  TealiumIOSLifecycle: f26daa58f08ea3a76b96363b966698c5c79af6ed

PODFILE CHECKSUM: 26581d4521f08600a18a836e93ff6e6f4882780c

COCOAPODS: 1.8.4
