PODS:
  - Flutter (1.0.0)
  - integration_test (0.0.1):
    - Flutter
  - tealium (3.0.0):
    - Flutter
    - tealium-swift/Collect (~> 2.18)
    - tealium-swift/Core (~> 2.18)
    - tealium-swift/Lifecycle (~> 2.18)
    - tealium-swift/RemoteCommands (~> 2.18)
    - tealium-swift/TagManagement (~> 2.18)
    - tealium-swift/VisitorService (~> 2.18)
  - tealium-swift/Collect (2.18.2):
    - tealium-swift/Core
  - tealium-swift/Core (2.18.2)
  - tealium-swift/Lifecycle (2.18.2):
    - tealium-swift/Core
  - tealium-swift/MomentsAPI (2.18.2):
    - tealium-swift/Core
  - tealium-swift/RemoteCommands (2.18.2):
    - tealium-swift/Core
  - tealium-swift/TagManagement (2.18.2):
    - tealium-swift/Core
  - tealium-swift/VisitorService (2.18.2):
    - tealium-swift/Core
  - tealium_moments_api (2.0.0):
    - Flutter
    - tealium (~> 3.0)
    - tealium-swift/Core (~> 2.18)
    - tealium-swift/MomentsAPI (~> 2.18)

DEPENDENCIES:
  - Flutter (from `Flutter`)
  - integration_test (from `.symlinks/plugins/integration_test/ios`)
  - tealium (from `.symlinks/plugins/tealium/ios`)
  - tealium_moments_api (from `.symlinks/plugins/tealium_moments_api/ios`)

SPEC REPOS:
  trunk:
    - tealium-swift

EXTERNAL SOURCES:
  Flutter:
    :path: Flutter
  integration_test:
    :path: ".symlinks/plugins/integration_test/ios"
  tealium:
    :path: ".symlinks/plugins/tealium/ios"
  tealium_moments_api:
    :path: ".symlinks/plugins/tealium_moments_api/ios"

SPEC CHECKSUMS:
  Flutter: cabc95a1d2626b1b06e7179b784ebcf0c0cde467
  integration_test: 4a889634ef21a45d28d50d622cf412dc6d9f586e
  tealium: 9032e4ba8cdb3407c93860ecde341b172f4b55e7
  tealium-swift: 9c38e6687b24c9eed0f3bc221ea5d7717274af16
  tealium_moments_api: fb3f1aabd5b47cb134bd51e304a68bb52e99b4a2

PODFILE CHECKSUM: a57f30d18f102dd3ce366b1d62a55ecbef2158e5

COCOAPODS: 1.16.2
