PODS:
  - Flutter (1.0.0)
  - tealium (2.6.2):
    - Flutter
    - tealium-swift/Collect (~> 2.15)
    - tealium-swift/Core (~> 2.15)
    - tealium-swift/Lifecycle (~> 2.15)
    - tealium-swift/RemoteCommands (~> 2.15)
    - tealium-swift/TagManagement (~> 2.15)
    - tealium-swift/VisitorService (~> 2.15)
  - tealium-swift/Collect (2.18.1):
    - tealium-swift/Core
  - tealium-swift/Core (2.18.1)
  - tealium-swift/Lifecycle (2.18.1):
    - tealium-swift/Core
  - tealium-swift/RemoteCommands (2.18.1):
    - tealium-swift/Core
  - tealium-swift/TagManagement (2.18.1):
    - tealium-swift/Core
  - tealium-swift/VisitorService (2.18.1):
    - tealium-swift/Core

DEPENDENCIES:
  - Flutter (from `Flutter`)
  - tealium (from `.symlinks/plugins/tealium/ios`)

SPEC REPOS:
  trunk:
    - tealium-swift

EXTERNAL SOURCES:
  Flutter:
    :path: Flutter
  tealium:
    :path: ".symlinks/plugins/tealium/ios"

SPEC CHECKSUMS:
  Flutter: cabc95a1d2626b1b06e7179b784ebcf0c0cde467
  tealium: 73deaf1be25d261c7b50deffcafa1fdbc5159cfa
  tealium-swift: de74acd7564833f87204dcf83bf5e8737c041915

PODFILE CHECKSUM: 3c63482e143d1b91d2d2560aee9fb04ecc74ac7e

COCOAPODS: 1.16.2
