PODS:
  - Flutter (1.0.0)
  - tealium (2.6.1):
    - Flutter
    - tealium-swift/Collect (~> 2.15)
    - tealium-swift/Core (~> 2.15)
    - tealium-swift/Lifecycle (~> 2.15)
    - tealium-swift/RemoteCommands (~> 2.15)
    - tealium-swift/TagManagement (~> 2.15)
    - tealium-swift/VisitorService (~> 2.15)
  - tealium-swift/Collect (2.15.0):
    - tealium-swift/Core
  - tealium-swift/Core (2.15.0)
  - tealium-swift/Lifecycle (2.15.0):
    - tealium-swift/Core
  - tealium-swift/RemoteCommands (2.15.0):
    - tealium-swift/Core
  - tealium-swift/TagManagement (2.15.0):
    - tealium-swift/Core
  - tealium-swift/VisitorService (2.15.0):
    - tealium-swift/Core

DEPENDENCIES:
  - Flutter (from `Flutter`)
  - tealium (from `.symlinks/plugins/tealium/ios`)

SPEC REPOS:
  trunk:
    - tealium-swift

EXTERNAL SOURCES:
  Flutter:
    :path: Flutter
  tealium:
    :path: ".symlinks/plugins/tealium/ios"

SPEC CHECKSUMS:
  Flutter: e0871f40cf51350855a761d2e70bf5af5b9b5de7
  tealium: abace3619a08a744f174c937059cda20a7de8c16
  tealium-swift: 452713faa749291049ca039b9c02139a559084c8

PODFILE CHECKSUM: afd05c17de5123aebb6233a65031820798210501

COCOAPODS: 1.15.2
