PODS:
  - Flutter (1.0.0)
  - tealium (2.3.0):
    - Flutter
    - tealium-swift/Collect (~> 2.8)
    - tealium-swift/Core (~> 2.8)
    - tealium-swift/Lifecycle (~> 2.8)
    - tealium-swift/RemoteCommands (~> 2.8)
    - tealium-swift/TagManagement (~> 2.8)
    - tealium-swift/VisitorService (~> 2.8)
  - tealium-swift/Collect (2.8.2):
    - tealium-swift/Core
  - tealium-swift/Core (2.8.2)
  - tealium-swift/Lifecycle (2.8.2):
    - tealium-swift/Core
  - tealium-swift/RemoteCommands (2.8.2):
    - tealium-swift/Core
  - tealium-swift/TagManagement (2.8.2):
    - tealium-swift/Core
  - tealium-swift/VisitorService (2.8.2):
    - tealium-swift/Core

DEPENDENCIES:
  - Flutter (from `Flutter`)
  - tealium (from `.symlinks/plugins/tealium/ios`)

SPEC REPOS:
  trunk:
    - tealium-swift

EXTERNAL SOURCES:
  Flutter:
    :path: Flutter
  tealium:
    :path: ".symlinks/plugins/tealium/ios"

SPEC CHECKSUMS:
  Flutter: f04841e97a9d0b0a8025694d0796dd46242b2854
  tealium: a1447987744b00ec39db5240f86afc65725d136a
  tealium-swift: aa249f29ee10924c1cb373c5313e91a99276bfe6

PODFILE CHECKSUM: 17813cc9fc9dee2c0182772d7e55a87d51bb53e5

COCOAPODS: 1.12.0
