PODS:
  - BrazeKit (7.7.0)
  - Flutter (1.0.0)
  - tealium (3.0.0):
    - Flutter
    - tealium-swift/Collect (~> 2.18)
    - tealium-swift/Core (~> 2.18)
    - tealium-swift/Lifecycle (~> 2.18)
    - tealium-swift/RemoteCommands (~> 2.18)
    - tealium-swift/TagManagement (~> 2.18)
    - tealium-swift/VisitorService (~> 2.18)
  - tealium-swift/Collect (2.18.2):
    - tealium-swift/Core
  - tealium-swift/Core (2.18.2)
  - tealium-swift/Lifecycle (2.18.2):
    - tealium-swift/Core
  - tealium-swift/RemoteCommands (2.18.2):
    - tealium-swift/Core
  - tealium-swift/TagManagement (2.18.2):
    - tealium-swift/Core
  - tealium-swift/VisitorService (2.18.2):
    - tealium-swift/Core
  - tealium_braze (1.1.0):
    - Flutter
    - tealium (~> 3.0)
    - tealium-swift/Core (~> 2.12)
    - TealiumBraze (~> 3.2)
  - TealiumBraze (3.2.0):
    - BrazeKit (~> 7.2)
    - tealium-swift/Core (~> 2.12)
    - tealium-swift/RemoteCommands (~> 2.12)

DEPENDENCIES:
  - Flutter (from `Flutter`)
  - tealium (from `.symlinks/plugins/tealium/ios`)
  - tealium_braze (from `.symlinks/plugins/tealium_braze/ios`)

SPEC REPOS:
  trunk:
    - BrazeKit
    - tealium-swift
    - TealiumBraze

EXTERNAL SOURCES:
  Flutter:
    :path: Flutter
  tealium:
    :path: ".symlinks/plugins/tealium/ios"
  tealium_braze:
    :path: ".symlinks/plugins/tealium_braze/ios"

SPEC CHECKSUMS:
  BrazeKit: ee31d3b5113646cbd6ad44eafc93b14c3c3c504c
  Flutter: cabc95a1d2626b1b06e7179b784ebcf0c0cde467
  tealium: 9032e4ba8cdb3407c93860ecde341b172f4b55e7
  tealium-swift: 9c38e6687b24c9eed0f3bc221ea5d7717274af16
  tealium_braze: 5f5487cd493c0f0dfe3d9054102d5d9b74af884d
  TealiumBraze: 9de0067b72a00c7d3b0ad67bee501a34518b4e06

PODFILE CHECKSUM: 4e8f8b2be68aeea4c0d5beb6ff1e79fface1d048

COCOAPODS: 1.16.2
