PODS:
  - BrazeKit (5.14.0)
  - Flutter (1.0.0)
  - tealium (2.4.0):
    - Flutter
    - tealium-swift/Collect (~> 2.8)
    - tealium-swift/Core (~> 2.8)
    - tealium-swift/Lifecycle (~> 2.8)
    - tealium-swift/RemoteCommands (~> 2.8)
    - tealium-swift/TagManagement (~> 2.8)
    - tealium-swift/VisitorService (~> 2.8)
  - tealium-swift/Collect (2.10.1):
    - tealium-swift/Core
  - tealium-swift/Core (2.10.1)
  - tealium-swift/Lifecycle (2.10.1):
    - tealium-swift/Core
  - tealium-swift/RemoteCommands (2.10.1):
    - tealium-swift/Core
  - tealium-swift/TagManagement (2.10.1):
    - tealium-swift/Core
  - tealium-swift/VisitorService (2.10.1):
    - tealium-swift/Core
  - tealium_braze (0.0.1):
    - Flutter
    - tealium
    - tealium-swift/Core (~> 2.6)
    - TealiumBraze (~> 3.0)
  - TealiumBraze (3.0.0):
    - BrazeKit (~> 5.8)
    - tealium-swift/Core (~> 2.8)
    - tealium-swift/RemoteCommands (~> 2.8)

DEPENDENCIES:
  - Flutter (from `Flutter`)
  - tealium (from `.symlinks/plugins/tealium/ios`)
  - tealium_braze (from `.symlinks/plugins/tealium_braze/ios`)

SPEC REPOS:
  trunk:
    - BrazeKit
    - tealium-swift
    - TealiumBraze

EXTERNAL SOURCES:
  Flutter:
    :path: Flutter
  tealium:
    :path: ".symlinks/plugins/tealium/ios"
  tealium_braze:
    :path: ".symlinks/plugins/tealium_braze/ios"

SPEC CHECKSUMS:
  BrazeKit: 2df1928c02f5630ed718f06b7bdeecc9faf8d970
  Flutter: f04841e97a9d0b0a8025694d0796dd46242b2854
  tealium: 4f5b515b2c5087f59708106040692a90918afcc5
  tealium-swift: 9ec83baf5419d0bb1e95b184288231e27385015b
  tealium_braze: c2bc42530f3b042a5c9c752df4f2891f28b2c1ae
  TealiumBraze: df84e4b662a376d165025d9c84cf7141bfd6505e

PODFILE CHECKSUM: 591c2f6ebe3cf80eddf9823806df57e06447523e

COCOAPODS: 1.14.2
